<?xml version="1.0" encoding="utf-8"?>
<Project ToolsVersion="4.0" xmlns="http://schemas.microsoft.com/developer/msbuild/2003">
  <ItemGroup>
    <Filter Include="Wylder">
      <UniqueIdentifier>{3C589ADB-28FA-C4B1-11B5-D805FDF54B02}</UniqueIdentifier>
    </Filter>
    <Filter Include="Wylder\Events">
      <UniqueIdentifier>{A0E86A56-0CA9-E68C-D5E3-2F0A41632B69}</UniqueIdentifier>
    </Filter>
  </ItemGroup>
  <ItemGroup>
    <ClInclude Include="src\Wylder.h" />
    <ClInclude Include="src\Wylder\Application.h">
      <Filter>Wylder</Filter>
    </ClInclude>
    <ClInclude Include="src\Wylder\Core.h">
      <Filter>Wylder</Filter>
    </ClInclude>
    <ClInclude Include="src\Wylder\EntryPoint.h">
      <Filter>Wylder</Filter>
    </ClInclude>
    <ClInclude Include="src\Wylder\Events\ApplicationEvent.h">
      <Filter>Wylder\Events</Filter>
    </ClInclude>
    <ClInclude Include="src\Wylder\Events\Event.h">
      <Filter>Wylder\Events</Filter>
    </ClInclude>
    <ClInclude Include="src\Wylder\Events\KeyEvent.h">
      <Filter>Wylder\Events</Filter>
    </ClInclude>
    <ClInclude Include="src\Wylder\Events\MouseEvent.h">
      <Filter>Wylder\Events</Filter>
    </ClInclude>
    <ClInclude Include="src\Wylder\Events\WindowEvent.h">
      <Filter>Wylder\Events</Filter>
    </ClInclude>
    <ClInclude Include="src\Wylder\Log.h">
      <Filter>Wylder</Filter>
    </ClInclude>
  </ItemGroup>
  <ItemGroup>
    <ClCompile Include="src\Wylder\Application.cpp">
      <Filter>Wylder</Filter>
    </ClCompile>
    <ClCompile Include="src\Wylder\Log.cpp">
      <Filter>Wylder</Filter>
    </ClCompile>
  </ItemGroup>
</Project>